Microsoft Visual Studio Solution File, Format Version 12.00
# Visual Studio Version 17
VisualStudioVersion = 17.5.2.0
MinimumVisualStudioVersion = 10.0.40219.1
Project("{FAE04EC0-301F-11D3-BF4B-00C04F79EFBC}") = "ASP_Empty_Example", "ASP_Empty_Example.csproj", "{FD2938B4-11D0-31A2-48DE-3742628AB11C}"
EndProject
Global
	GlobalSection(SolutionConfigurationPlatforms) = preSolution
		Debug|Any CPU = Debug|Any CPU
		Release|Any CPU = Release|Any CPU
	EndGlobalSection
	GlobalSection(ProjectConfigurationPlatforms) = postSolution
		{FD2938B4-11D0-31A2-48DE-3742628AB11C}.Debug|Any CPU.ActiveCfg = Debug|Any CPU
		{FD2938B4-11D0-31A2-48DE-3742628AB11C}.Debug|Any CPU.Build.0 = Debug|Any CPU
		{FD2938B4-11D0-31A2-48DE-3742628AB11C}.Release|Any CPU.ActiveCfg = Release|Any CPU
		{FD2938B4-11D0-31A2-48DE-3742628AB11C}.Release|Any CPU.Build.0 = Release|Any CPU
	EndGlobalSection
	GlobalSection(SolutionProperties) = preSolution
		HideSolutionNode = FALSE
	EndGlobalSection
	GlobalSection(ExtensibilityGlobals) = postSolution
		SolutionGuid = {C62D4125-CDD0-4D92-BDE5-64A14E5CDCD6}
	EndGlobalSection
EndGlobal
